
Microsoft Visual Studio Solution File, Format Version 12.00
# Visual Studio Version 16
VisualStudioVersion = 16.0.29613.14
MinimumVisualStudioVersion = 10.0.40219.1
Project("{2150E333-8FDC-42A3-9474-1A3956D46DE8}") = "Tests", "Tests", "{C8E1CC91-9C5F-4EC4-9BE5-F64B511D85A7}"
EndProject
Project("{FAE04EC0-301F-11D3-BF4B-00C04F79EFBC}") = "KruchyParserKoduTests", "KruchyParserKoduTests\KruchyParserKoduTests.csproj", "{32E61880-E4D3-4F8A-84BD-D082A96103C3}"
EndProject
Project("{FAE04EC0-301F-11D3-BF4B-00C04F79EFBC}") = "KrucheBuilderyKodu", "KrucheBuilderyKodu\KrucheBuilderyKodu.csproj", "{0C5748A8-7D43-444C-90AD-3DBE02DCABAB}"
EndProject
Project("{FAE04EC0-301F-11D3-BF4B-00C04F79EFBC}") = "Kruchy.Plugin.Utils", "Kruchy.Plugin.Utils\Kruchy.Plugin.Utils.csproj", "{33505630-BFE6-414F-82A2-EE9086DAEB83}"
EndProject
Project("{FAE04EC0-301F-11D3-BF4B-00C04F79EFBC}") = "Kruchy.Plugin.Utils.2017", "Kruchy.Plugin.Utils.2017\Kruchy.Plugin.Utils.2017.csproj", "{473EFCB9-DEA9-44DC-9E50-30C1C46CCC5E}"
EndProject
Project("{FAE04EC0-301F-11D3-BF4B-00C04F79EFBC}") = "KruchyParserKodu", "KruchyParserKodu\KruchyParserKodu.csproj", "{FB1229FB-FE17-419F-BCAD-FAD9875EC78C}"
EndProject
Project("{FAE04EC0-301F-11D3-BF4B-00C04F79EFBC}") = "KruchyPlugin2019", "KruchyPlugin2019\KruchyPlugin2019.csproj", "{49CD87F2-1880-4490-B9C6-2E7E3A639226}"
EndProject
Project("{FAE04EC0-301F-11D3-BF4B-00C04F79EFBC}") = "Kruchy.Plugin.Akcje.Tests", "Kruchy.Plugin.Akcje.Tests\Kruchy.Plugin.Akcje.Tests.csproj", "{4F24AA4F-A6F0-4140-B194-7A4521CC0BAF}"
EndProject
Project("{FAE04EC0-301F-11D3-BF4B-00C04F79EFBC}") = "Kruchy.Plugin.Akcje", "Kruchy.Plugin.Akcje\Kruchy.Plugin.Akcje.csproj", "{E2D61AC0-EF12-494F-AEB9-5B6112281096}"
EndProject
Project("{FAE04EC0-301F-11D3-BF4B-00C04F79EFBC}") = "Kruchy.Plugin.UI", "Kruchy.Plugin.UI\Kruchy.Plugin.UI.csproj", "{7A7E0B69-C434-4504-BAA1-AD093FEA4D45}"
EndProject
Global
	GlobalSection(SolutionConfigurationPlatforms) = preSolution
		Debug|Any CPU = Debug|Any CPU
		Release|Any CPU = Release|Any CPU
	EndGlobalSection
	GlobalSection(ProjectConfigurationPlatforms) = postSolution
		{32E61880-E4D3-4F8A-84BD-D082A96103C3}.Debug|Any CPU.ActiveCfg = Debug|Any CPU
		{32E61880-E4D3-4F8A-84BD-D082A96103C3}.Release|Any CPU.ActiveCfg = Release|Any CPU
		{32E61880-E4D3-4F8A-84BD-D082A96103C3}.Release|Any CPU.Build.0 = Release|Any CPU
		{0C5748A8-7D43-444C-90AD-3DBE02DCABAB}.Debug|Any CPU.ActiveCfg = Debug|Any CPU
		{0C5748A8-7D43-444C-90AD-3DBE02DCABAB}.Debug|Any CPU.Build.0 = Debug|Any CPU
		{0C5748A8-7D43-444C-90AD-3DBE02DCABAB}.Release|Any CPU.ActiveCfg = Release|Any CPU
		{0C5748A8-7D43-444C-90AD-3DBE02DCABAB}.Release|Any CPU.Build.0 = Release|Any CPU
		{33505630-BFE6-414F-82A2-EE9086DAEB83}.Debug|Any CPU.ActiveCfg = Debug|Any CPU
		{33505630-BFE6-414F-82A2-EE9086DAEB83}.Debug|Any CPU.Build.0 = Debug|Any CPU
		{33505630-BFE6-414F-82A2-EE9086DAEB83}.Release|Any CPU.ActiveCfg = Release|Any CPU
		{33505630-BFE6-414F-82A2-EE9086DAEB83}.Release|Any CPU.Build.0 = Release|Any CPU
		{473EFCB9-DEA9-44DC-9E50-30C1C46CCC5E}.Debug|Any CPU.ActiveCfg = Debug|Any CPU
		{473EFCB9-DEA9-44DC-9E50-30C1C46CCC5E}.Debug|Any CPU.Build.0 = Debug|Any CPU
		{473EFCB9-DEA9-44DC-9E50-30C1C46CCC5E}.Release|Any CPU.ActiveCfg = Release|Any CPU
		{473EFCB9-DEA9-44DC-9E50-30C1C46CCC5E}.Release|Any CPU.Build.0 = Release|Any CPU
		{FB1229FB-FE17-419F-BCAD-FAD9875EC78C}.Debug|Any CPU.ActiveCfg = Debug|Any CPU
		{FB1229FB-FE17-419F-BCAD-FAD9875EC78C}.Debug|Any CPU.Build.0 = Debug|Any CPU
		{FB1229FB-FE17-419F-BCAD-FAD9875EC78C}.Release|Any CPU.ActiveCfg = Release|Any CPU
		{FB1229FB-FE17-419F-BCAD-FAD9875EC78C}.Release|Any CPU.Build.0 = Release|Any CPU
		{49CD87F2-1880-4490-B9C6-2E7E3A639226}.Debug|Any CPU.ActiveCfg = Debug|Any CPU
		{49CD87F2-1880-4490-B9C6-2E7E3A639226}.Debug|Any CPU.Build.0 = Debug|Any CPU
		{49CD87F2-1880-4490-B9C6-2E7E3A639226}.Release|Any CPU.ActiveCfg = Release|Any CPU
		{49CD87F2-1880-4490-B9C6-2E7E3A639226}.Release|Any CPU.Build.0 = Release|Any CPU
		{4F24AA4F-A6F0-4140-B194-7A4521CC0BAF}.Debug|Any CPU.ActiveCfg = Debug|Any CPU
		{4F24AA4F-A6F0-4140-B194-7A4521CC0BAF}.Release|Any CPU.ActiveCfg = Release|Any CPU
		{4F24AA4F-A6F0-4140-B194-7A4521CC0BAF}.Release|Any CPU.Build.0 = Release|Any CPU
		{E2D61AC0-EF12-494F-AEB9-5B6112281096}.Debug|Any CPU.ActiveCfg = Debug|Any CPU
		{E2D61AC0-EF12-494F-AEB9-5B6112281096}.Debug|Any CPU.Build.0 = Debug|Any CPU
		{E2D61AC0-EF12-494F-AEB9-5B6112281096}.Release|Any CPU.ActiveCfg = Release|Any CPU
		{E2D61AC0-EF12-494F-AEB9-5B6112281096}.Release|Any CPU.Build.0 = Release|Any CPU
		{7A7E0B69-C434-4504-BAA1-AD093FEA4D45}.Debug|Any CPU.ActiveCfg = Debug|Any CPU
		{7A7E0B69-C434-4504-BAA1-AD093FEA4D45}.Debug|Any CPU.Build.0 = Debug|Any CPU
		{7A7E0B69-C434-4504-BAA1-AD093FEA4D45}.Release|Any CPU.ActiveCfg = Release|Any CPU
		{7A7E0B69-C434-4504-BAA1-AD093FEA4D45}.Release|Any CPU.Build.0 = Release|Any CPU
	EndGlobalSection
	GlobalSection(SolutionProperties) = preSolution
		HideSolutionNode = FALSE
	EndGlobalSection
	GlobalSection(NestedProjects) = preSolution
		{32E61880-E4D3-4F8A-84BD-D082A96103C3} = {C8E1CC91-9C5F-4EC4-9BE5-F64B511D85A7}
		{4F24AA4F-A6F0-4140-B194-7A4521CC0BAF} = {C8E1CC91-9C5F-4EC4-9BE5-F64B511D85A7}
	EndGlobalSection
	GlobalSection(ExtensibilityGlobals) = postSolution
		SolutionGuid = {09DB4550-222A-44EB-8E3A-B87DF4A768F6}
	EndGlobalSection
EndGlobal
