
Microsoft Visual Studio Solution File, Format Version 12.00
# Visual Studio 14
VisualStudioVersion = 14.0.25420.1
MinimumVisualStudioVersion = 10.0.40219.1
Project("{FAE04EC0-301F-11D3-BF4B-00C04F79EFBC}") = "KruchyPlugin1", "KruchyPlugin1\KruchyPlugin1.csproj", "{B7F7C8CF-F01E-4EB7-AFD6-3F0E25641769}"
EndProject
Project("{FAE04EC0-301F-11D3-BF4B-00C04F79EFBC}") = "KrucheBuilderyKodu", "KrucheBuilderyKodu\KrucheBuilderyKodu.csproj", "{0C5748A8-7D43-444C-90AD-3DBE02DCABAB}"
EndProject
Project("{FAE04EC0-301F-11D3-BF4B-00C04F79EFBC}") = "KruchyPlugin1Tests", "KruchyPlugin1Tests\KruchyPlugin1Tests.csproj", "{D0EB3F37-4796-471A-9E0A-5CEFE22F6209}"
EndProject
Project("{FAE04EC0-301F-11D3-BF4B-00C04F79EFBC}") = "KruchyParserKodu", "KruchyParserKodu\KruchyParserKodu.csproj", "{FB1229FB-FE17-419F-BCAD-FAD9875EC78C}"
EndProject
Global
	GlobalSection(SolutionConfigurationPlatforms) = preSolution
		CD_ROM|Any CPU = CD_ROM|Any CPU
		Debug|Any CPU = Debug|Any CPU
		DVD-5|Any CPU = DVD-5|Any CPU
		Release|Any CPU = Release|Any CPU
		SingleImage|Any CPU = SingleImage|Any CPU
	EndGlobalSection
	GlobalSection(ProjectConfigurationPlatforms) = postSolution
		{B7F7C8CF-F01E-4EB7-AFD6-3F0E25641769}.CD_ROM|Any CPU.ActiveCfg = Release|Any CPU
		{B7F7C8CF-F01E-4EB7-AFD6-3F0E25641769}.CD_ROM|Any CPU.Build.0 = Release|Any CPU
		{B7F7C8CF-F01E-4EB7-AFD6-3F0E25641769}.Debug|Any CPU.ActiveCfg = Debug|Any CPU
		{B7F7C8CF-F01E-4EB7-AFD6-3F0E25641769}.Debug|Any CPU.Build.0 = Debug|Any CPU
		{B7F7C8CF-F01E-4EB7-AFD6-3F0E25641769}.DVD-5|Any CPU.ActiveCfg = Debug|Any CPU
		{B7F7C8CF-F01E-4EB7-AFD6-3F0E25641769}.DVD-5|Any CPU.Build.0 = Debug|Any CPU
		{B7F7C8CF-F01E-4EB7-AFD6-3F0E25641769}.Release|Any CPU.ActiveCfg = Release|Any CPU
		{B7F7C8CF-F01E-4EB7-AFD6-3F0E25641769}.Release|Any CPU.Build.0 = Release|Any CPU
		{B7F7C8CF-F01E-4EB7-AFD6-3F0E25641769}.SingleImage|Any CPU.ActiveCfg = Release|Any CPU
		{B7F7C8CF-F01E-4EB7-AFD6-3F0E25641769}.SingleImage|Any CPU.Build.0 = Release|Any CPU
		{0C5748A8-7D43-444C-90AD-3DBE02DCABAB}.CD_ROM|Any CPU.ActiveCfg = Release|Any CPU
		{0C5748A8-7D43-444C-90AD-3DBE02DCABAB}.CD_ROM|Any CPU.Build.0 = Release|Any CPU
		{0C5748A8-7D43-444C-90AD-3DBE02DCABAB}.Debug|Any CPU.ActiveCfg = Debug|Any CPU
		{0C5748A8-7D43-444C-90AD-3DBE02DCABAB}.Debug|Any CPU.Build.0 = Debug|Any CPU
		{0C5748A8-7D43-444C-90AD-3DBE02DCABAB}.DVD-5|Any CPU.ActiveCfg = Debug|Any CPU
		{0C5748A8-7D43-444C-90AD-3DBE02DCABAB}.DVD-5|Any CPU.Build.0 = Debug|Any CPU
		{0C5748A8-7D43-444C-90AD-3DBE02DCABAB}.Release|Any CPU.ActiveCfg = Release|Any CPU
		{0C5748A8-7D43-444C-90AD-3DBE02DCABAB}.Release|Any CPU.Build.0 = Release|Any CPU
		{0C5748A8-7D43-444C-90AD-3DBE02DCABAB}.SingleImage|Any CPU.ActiveCfg = Release|Any CPU
		{0C5748A8-7D43-444C-90AD-3DBE02DCABAB}.SingleImage|Any CPU.Build.0 = Release|Any CPU
		{D0EB3F37-4796-471A-9E0A-5CEFE22F6209}.CD_ROM|Any CPU.ActiveCfg = Release|Any CPU
		{D0EB3F37-4796-471A-9E0A-5CEFE22F6209}.CD_ROM|Any CPU.Build.0 = Release|Any CPU
		{D0EB3F37-4796-471A-9E0A-5CEFE22F6209}.Debug|Any CPU.ActiveCfg = Debug|Any CPU
		{D0EB3F37-4796-471A-9E0A-5CEFE22F6209}.Debug|Any CPU.Build.0 = Debug|Any CPU
		{D0EB3F37-4796-471A-9E0A-5CEFE22F6209}.DVD-5|Any CPU.ActiveCfg = Debug|Any CPU
		{D0EB3F37-4796-471A-9E0A-5CEFE22F6209}.DVD-5|Any CPU.Build.0 = Debug|Any CPU
		{D0EB3F37-4796-471A-9E0A-5CEFE22F6209}.Release|Any CPU.ActiveCfg = Release|Any CPU
		{D0EB3F37-4796-471A-9E0A-5CEFE22F6209}.Release|Any CPU.Build.0 = Release|Any CPU
		{D0EB3F37-4796-471A-9E0A-5CEFE22F6209}.SingleImage|Any CPU.ActiveCfg = Release|Any CPU
		{D0EB3F37-4796-471A-9E0A-5CEFE22F6209}.SingleImage|Any CPU.Build.0 = Release|Any CPU
		{FB1229FB-FE17-419F-BCAD-FAD9875EC78C}.CD_ROM|Any CPU.ActiveCfg = Release|Any CPU
		{FB1229FB-FE17-419F-BCAD-FAD9875EC78C}.CD_ROM|Any CPU.Build.0 = Release|Any CPU
		{FB1229FB-FE17-419F-BCAD-FAD9875EC78C}.Debug|Any CPU.ActiveCfg = Debug|Any CPU
		{FB1229FB-FE17-419F-BCAD-FAD9875EC78C}.Debug|Any CPU.Build.0 = Debug|Any CPU
		{FB1229FB-FE17-419F-BCAD-FAD9875EC78C}.DVD-5|Any CPU.ActiveCfg = Debug|Any CPU
		{FB1229FB-FE17-419F-BCAD-FAD9875EC78C}.DVD-5|Any CPU.Build.0 = Debug|Any CPU
		{FB1229FB-FE17-419F-BCAD-FAD9875EC78C}.Release|Any CPU.ActiveCfg = Release|Any CPU
		{FB1229FB-FE17-419F-BCAD-FAD9875EC78C}.Release|Any CPU.Build.0 = Release|Any CPU
		{FB1229FB-FE17-419F-BCAD-FAD9875EC78C}.SingleImage|Any CPU.ActiveCfg = Release|Any CPU
		{FB1229FB-FE17-419F-BCAD-FAD9875EC78C}.SingleImage|Any CPU.Build.0 = Release|Any CPU
	EndGlobalSection
	GlobalSection(SolutionProperties) = preSolution
		HideSolutionNode = FALSE
	EndGlobalSection
EndGlobal
