
Microsoft Visual Studio Solution File, Format Version 12.00
# Visual Studio Version 16
VisualStudioVersion = 16.0.31129.286
MinimumVisualStudioVersion = 10.0.40219.1
Project("{FAE04EC0-301F-11D3-BF4B-00C04F79EFBC}") = "Plugin.Example", "Plugin.Example\Plugin.Example.csproj", "{572A6A2F-B3E6-42F8-B2BF-BD1EA242973D}"
EndProject
Project("{2150E333-8FDC-42A3-9474-1A3956D46DE8}") = "KruchyParserKodu", "KruchyParserKodu", "{8035588D-6DAE-4411-AAA2-3D3FF1309C20}"
EndProject
Project("{FAE04EC0-301F-11D3-BF4B-00C04F79EFBC}") = "KruchyParserKodu", "KruchyParserKodu\KruchyParserKodu.csproj", "{EB4586EA-EC53-4CC4-B1AD-A7720D12C098}"
EndProject
Project("{9A19103F-16F7-4668-BE54-9A1E7A4F7556}") = "KruchyParserKoduTests", "KruchyParserKoduTests\KruchyParserKoduTests.csproj", "{F335AB0C-F3F8-4B70-9C45-1DDF54581238}"
EndProject
Project("{2150E333-8FDC-42A3-9474-1A3956D46DE8}") = "KrucheBuilderyKodu", "KrucheBuilderyKodu", "{86825CFC-35CE-4313-8987-F882B5B07DFF}"
EndProject
Project("{FAE04EC0-301F-11D3-BF4B-00C04F79EFBC}") = "KrucheBuilderyKodu", "KrucheBuilderyKodu\KrucheBuilderyKodu.csproj", "{B3DFE520-906C-4B30-9464-F934CABB209E}"
EndProject
Project("{2150E333-8FDC-42A3-9474-1A3956D46DE8}") = "Utils", "Utils", "{0B42274F-3CD5-4A2B-AED1-9295B3EB4F4B}"
EndProject
Project("{FAE04EC0-301F-11D3-BF4B-00C04F79EFBC}") = "Kruchy.Plugin.Utils", "Kruchy.Plugin.Utils\Kruchy.Plugin.Utils.csproj", "{7868C192-F37E-418E-AC84-E507756C3F5F}"
EndProject
Project("{FAE04EC0-301F-11D3-BF4B-00C04F79EFBC}") = "Kruchy.Plugin.Utils.2017", "Kruchy.Plugin.Utils.2017\Kruchy.Plugin.Utils.2017.csproj", "{700B6A6B-CE12-4ACA-8DCD-FCE561BB955E}"
EndProject
Project("{2150E333-8FDC-42A3-9474-1A3956D46DE8}") = "Akcje", "Akcje", "{C374FFBE-47C7-4BA1-AAA6-B6FEF3054203}"
EndProject
Project("{FAE04EC0-301F-11D3-BF4B-00C04F79EFBC}") = "Kruchy.Plugin.Akcje", "Kruchy.Plugin.Akcje\Kruchy.Plugin.Akcje.csproj", "{373932F3-FED1-4037-97E2-05A8DDA18AFE}"
EndProject
Project("{FAE04EC0-301F-11D3-BF4B-00C04F79EFBC}") = "Kruchy.Plugin.Akcje.Tests", "Kruchy.Plugin.Akcje.Tests\Kruchy.Plugin.Akcje.Tests.csproj", "{EBB72DA0-1A0B-4E05-BE49-1E21B2E1C3F0}"
EndProject
Project("{FAE04EC0-301F-11D3-BF4B-00C04F79EFBC}") = "Kruchy.Plugin.UI", "Kruchy.Plugin.UI\Kruchy.Plugin.UI.csproj", "{15B17FF2-B9AA-445B-A1AA-2E5D54D289D6}"
EndProject
Global
	GlobalSection(SolutionConfigurationPlatforms) = preSolution
		Debug|Any CPU = Debug|Any CPU
		Release|Any CPU = Release|Any CPU
	EndGlobalSection
	GlobalSection(ProjectConfigurationPlatforms) = postSolution
		{572A6A2F-B3E6-42F8-B2BF-BD1EA242973D}.Debug|Any CPU.ActiveCfg = Debug|Any CPU
		{572A6A2F-B3E6-42F8-B2BF-BD1EA242973D}.Debug|Any CPU.Build.0 = Debug|Any CPU
		{572A6A2F-B3E6-42F8-B2BF-BD1EA242973D}.Release|Any CPU.ActiveCfg = Release|Any CPU
		{572A6A2F-B3E6-42F8-B2BF-BD1EA242973D}.Release|Any CPU.Build.0 = Release|Any CPU
		{EB4586EA-EC53-4CC4-B1AD-A7720D12C098}.Debug|Any CPU.ActiveCfg = Debug|Any CPU
		{EB4586EA-EC53-4CC4-B1AD-A7720D12C098}.Debug|Any CPU.Build.0 = Debug|Any CPU
		{EB4586EA-EC53-4CC4-B1AD-A7720D12C098}.Release|Any CPU.ActiveCfg = Release|Any CPU
		{EB4586EA-EC53-4CC4-B1AD-A7720D12C098}.Release|Any CPU.Build.0 = Release|Any CPU
		{F335AB0C-F3F8-4B70-9C45-1DDF54581238}.Debug|Any CPU.ActiveCfg = Debug|Any CPU
		{F335AB0C-F3F8-4B70-9C45-1DDF54581238}.Debug|Any CPU.Build.0 = Debug|Any CPU
		{F335AB0C-F3F8-4B70-9C45-1DDF54581238}.Release|Any CPU.ActiveCfg = Release|Any CPU
		{F335AB0C-F3F8-4B70-9C45-1DDF54581238}.Release|Any CPU.Build.0 = Release|Any CPU
		{B3DFE520-906C-4B30-9464-F934CABB209E}.Debug|Any CPU.ActiveCfg = Debug|Any CPU
		{B3DFE520-906C-4B30-9464-F934CABB209E}.Debug|Any CPU.Build.0 = Debug|Any CPU
		{B3DFE520-906C-4B30-9464-F934CABB209E}.Release|Any CPU.ActiveCfg = Release|Any CPU
		{B3DFE520-906C-4B30-9464-F934CABB209E}.Release|Any CPU.Build.0 = Release|Any CPU
		{7868C192-F37E-418E-AC84-E507756C3F5F}.Debug|Any CPU.ActiveCfg = Debug|Any CPU
		{7868C192-F37E-418E-AC84-E507756C3F5F}.Debug|Any CPU.Build.0 = Debug|Any CPU
		{7868C192-F37E-418E-AC84-E507756C3F5F}.Release|Any CPU.ActiveCfg = Release|Any CPU
		{7868C192-F37E-418E-AC84-E507756C3F5F}.Release|Any CPU.Build.0 = Release|Any CPU
		{700B6A6B-CE12-4ACA-8DCD-FCE561BB955E}.Debug|Any CPU.ActiveCfg = Debug|Any CPU
		{700B6A6B-CE12-4ACA-8DCD-FCE561BB955E}.Debug|Any CPU.Build.0 = Debug|Any CPU
		{700B6A6B-CE12-4ACA-8DCD-FCE561BB955E}.Release|Any CPU.ActiveCfg = Release|Any CPU
		{700B6A6B-CE12-4ACA-8DCD-FCE561BB955E}.Release|Any CPU.Build.0 = Release|Any CPU
		{373932F3-FED1-4037-97E2-05A8DDA18AFE}.Debug|Any CPU.ActiveCfg = Debug|Any CPU
		{373932F3-FED1-4037-97E2-05A8DDA18AFE}.Debug|Any CPU.Build.0 = Debug|Any CPU
		{373932F3-FED1-4037-97E2-05A8DDA18AFE}.Release|Any CPU.ActiveCfg = Release|Any CPU
		{373932F3-FED1-4037-97E2-05A8DDA18AFE}.Release|Any CPU.Build.0 = Release|Any CPU
		{EBB72DA0-1A0B-4E05-BE49-1E21B2E1C3F0}.Debug|Any CPU.ActiveCfg = Debug|Any CPU
		{EBB72DA0-1A0B-4E05-BE49-1E21B2E1C3F0}.Debug|Any CPU.Build.0 = Debug|Any CPU
		{EBB72DA0-1A0B-4E05-BE49-1E21B2E1C3F0}.Release|Any CPU.ActiveCfg = Release|Any CPU
		{EBB72DA0-1A0B-4E05-BE49-1E21B2E1C3F0}.Release|Any CPU.Build.0 = Release|Any CPU
		{15B17FF2-B9AA-445B-A1AA-2E5D54D289D6}.Debug|Any CPU.ActiveCfg = Debug|Any CPU
		{15B17FF2-B9AA-445B-A1AA-2E5D54D289D6}.Debug|Any CPU.Build.0 = Debug|Any CPU
		{15B17FF2-B9AA-445B-A1AA-2E5D54D289D6}.Release|Any CPU.ActiveCfg = Release|Any CPU
		{15B17FF2-B9AA-445B-A1AA-2E5D54D289D6}.Release|Any CPU.Build.0 = Release|Any CPU
	EndGlobalSection
	GlobalSection(SolutionProperties) = preSolution
		HideSolutionNode = FALSE
	EndGlobalSection
	GlobalSection(NestedProjects) = preSolution
		{EB4586EA-EC53-4CC4-B1AD-A7720D12C098} = {8035588D-6DAE-4411-AAA2-3D3FF1309C20}
		{F335AB0C-F3F8-4B70-9C45-1DDF54581238} = {8035588D-6DAE-4411-AAA2-3D3FF1309C20}
		{B3DFE520-906C-4B30-9464-F934CABB209E} = {86825CFC-35CE-4313-8987-F882B5B07DFF}
		{7868C192-F37E-418E-AC84-E507756C3F5F} = {0B42274F-3CD5-4A2B-AED1-9295B3EB4F4B}
		{700B6A6B-CE12-4ACA-8DCD-FCE561BB955E} = {0B42274F-3CD5-4A2B-AED1-9295B3EB4F4B}
		{373932F3-FED1-4037-97E2-05A8DDA18AFE} = {C374FFBE-47C7-4BA1-AAA6-B6FEF3054203}
		{EBB72DA0-1A0B-4E05-BE49-1E21B2E1C3F0} = {C374FFBE-47C7-4BA1-AAA6-B6FEF3054203}
		{15B17FF2-B9AA-445B-A1AA-2E5D54D289D6} = {C374FFBE-47C7-4BA1-AAA6-B6FEF3054203}
	EndGlobalSection
	GlobalSection(ExtensibilityGlobals) = postSolution
		SolutionGuid = {485F7081-62E2-49CF-8968-A48D402BE6B4}
	EndGlobalSection
EndGlobal
